
Microsoft Visual Studio Solution File, Format Version 12.00
# Visual Studio Version 16
VisualStudioVersion = 16.0.31005.135
MinimumVisualStudioVersion = 10.0.40219.1
Project("{9A19103F-16F7-4668-BE54-9A1E7A4F7556}") = "RaytracerWindow", "RaytracerWindow\RaytracerWindow.csproj", "{FA60EEB1-D15C-4751-AE02-0AEF9B3F6CF9}"
EndProject
Project("{FAE04EC0-301F-11D3-BF4B-00C04F79EFBC}") = "RaytracerCPU", "RaytracerCPU\RaytracerCPU.csproj", "{6399AA9E-A95A-46E7-B932-695851420900}"
EndProject
Global
	GlobalSection(SolutionConfigurationPlatforms) = preSolution
		Debug|Any CPU = Debug|Any CPU
		Release|Any CPU = Release|Any CPU
	EndGlobalSection
	GlobalSection(ProjectConfigurationPlatforms) = postSolution
		{FA60EEB1-D15C-4751-AE02-0AEF9B3F6CF9}.Debug|Any CPU.ActiveCfg = Debug|Any CPU
		{FA60EEB1-D15C-4751-AE02-0AEF9B3F6CF9}.Debug|Any CPU.Build.0 = Debug|Any CPU
		{FA60EEB1-D15C-4751-AE02-0AEF9B3F6CF9}.Release|Any CPU.ActiveCfg = Release|Any CPU
		{FA60EEB1-D15C-4751-AE02-0AEF9B3F6CF9}.Release|Any CPU.Build.0 = Release|Any CPU
		{6399AA9E-A95A-46E7-B932-695851420900}.Debug|Any CPU.ActiveCfg = Debug|Any CPU
		{6399AA9E-A95A-46E7-B932-695851420900}.Debug|Any CPU.Build.0 = Debug|Any CPU
		{6399AA9E-A95A-46E7-B932-695851420900}.Release|Any CPU.ActiveCfg = Release|Any CPU
		{6399AA9E-A95A-46E7-B932-695851420900}.Release|Any CPU.Build.0 = Release|Any CPU
	EndGlobalSection
	GlobalSection(SolutionProperties) = preSolution
		HideSolutionNode = FALSE
	EndGlobalSection
	GlobalSection(ExtensibilityGlobals) = postSolution
		SolutionGuid = {E8C19DC2-F70D-46E2-AE7A-37FCE2E975AF}
	EndGlobalSection
EndGlobal
